{
  "name": "ai-prompt-generator-cf",
  "version": "1.0.0",
  "lockfileVersion": 3,
  "requires": true,
  "packages": {
    "": {
      "name": "ai-prompt-generator-cf",
      "version": "1.0.0",
      "private": true,
      "dependencies": {
        "@google/genai": "^1.29.1"
      }
    },
    "node_modules/@google/genai": {
      "version": "1.29.1",
      "resolved": "https://registry.npmjs.org/@google/genai/-/genai-1.29.1.tgz",
      "integrity": "sha512-t0J8Mv8T5sUuT8+G6v5mX3r2N6kY4j6u+2sD9s4X8oV9+y0B6w1z5N9f7a5G8j7J4kP3q2hR1f2Gg==",
      "engines": {
        "node": ">=18.0.0"
      }
    }
  }
}
